
Microsoft Visual Studio Solution File, Format Version 12.00
# Visual Studio Version 16
VisualStudioVersion = 16.0.31729.503
MinimumVisualStudioVersion = 10.0.40219.1
Project("{9A19103F-16F7-4668-BE54-9A1E7A4F7556}") = "testing", "testing.csproj", "{2110D2BC-FC23-4B17-A7E5-66CBA8420EDD}"
EndProject
Global
	GlobalSection(SolutionConfigurationPlatforms) = preSolution
		Debug|Any CPU = Debug|Any CPU
		Release|Any CPU = Release|Any CPU
	EndGlobalSection
	GlobalSection(ProjectConfigurationPlatforms) = postSolution
		{2110D2BC-FC23-4B17-A7E5-66CBA8420EDD}.Debug|Any CPU.ActiveCfg = Debug|Any CPU
		{2110D2BC-FC23-4B17-A7E5-66CBA8420EDD}.Debug|Any CPU.Build.0 = Debug|Any CPU
		{2110D2BC-FC23-4B17-A7E5-66CBA8420EDD}.Release|Any CPU.ActiveCfg = Release|Any CPU
		{2110D2BC-FC23-4B17-A7E5-66CBA8420EDD}.Release|Any CPU.Build.0 = Release|Any CPU
	EndGlobalSection
	GlobalSection(SolutionProperties) = preSolution
		HideSolutionNode = FALSE
	EndGlobalSection
	GlobalSection(ExtensibilityGlobals) = postSolution
		SolutionGuid = {B0C62B36-C480-499B-82A3-B1FE049F8004}
	EndGlobalSection
EndGlobal
